
Microsoft Visual Studio Solution File, Format Version 11.00
# Visual Studio 2012
Project("{FAE04EC0-301F-11D3-BF4B-00C04F79EFBC}") = "Launcher", "LauncherWindowsStore\Launcher.csproj", "{1816EF18-4A01-4953-B524-7BE19F7F142C}" 
EndProject
Project("{FAE04EC0-301F-11D3-BF4B-00C04F79EFBC}") = "WaveEngineGame1ProjectWindowsStore", "WaveEngineGame1\WaveEngineGame1Project\WaveEngineGame1ProjectWindowsStore.csproj", "{A80DC19F-42F6-4B75-B534-6B10589B09B4}" 
EndProject
Global
	GlobalSection(SolutionConfigurationPlatforms) = preSolution
		Debug|Any CPU = Debug|Any CPU
		Release|Any CPU = Release|Any CPU
	EndGlobalSection
	GlobalSection(ProjectConfigurationPlatforms) = postSolution
		{A80DC19F-42F6-4B75-B534-6B10589B09B4}.Debug|Any CPU.ActiveCfg = Debug|Any CPU
		{A80DC19F-42F6-4B75-B534-6B10589B09B4}.Debug|Any CPU.Build.0 = Debug|Any CPU
		{A80DC19F-42F6-4B75-B534-6B10589B09B4}.Release|Any CPU.ActiveCfg = Release|Any CPU
		{A80DC19F-42F6-4B75-B534-6B10589B09B4}.Release|Any CPU.Build.0 = Release|Any CPU
		{1816EF18-4A01-4953-B524-7BE19F7F142C}.Debug|Any CPU.ActiveCfg = Debug|Any CPU
		{1816EF18-4A01-4953-B524-7BE19F7F142C}.Debug|Any CPU.Build.0 = Debug|Any CPU
		{1816EF18-4A01-4953-B524-7BE19F7F142C}.Debug|Any CPU.Deploy.0 = Debug|Any CPU
		{1816EF18-4A01-4953-B524-7BE19F7F142C}.Release|Any CPU.ActiveCfg = Release|Any CPU
		{1816EF18-4A01-4953-B524-7BE19F7F142C}.Release|Any CPU.Build.0 = Release|Any CPU
		{1816EF18-4A01-4953-B524-7BE19F7F142C}.Release|Any CPU.Deploy.0 = Release|Any CPU
	EndGlobalSection
	GlobalSection(SolutionProperties) = preSolution
		HideSolutionNode = FALSE
	EndGlobalSection
	GlobalSection(SpecExplorer.ActivityCompletionStatus) = preSolution
		SpecExplorer.ActivityCompletionStatus = 
	EndGlobalSection
EndGlobal

